{
  "name": "Prototype",
  "lockfileVersion": 2,
  "requires": true,
  "packages": {
    "": {
      "dependencies": {
        "@tarp/require": "^1.4.3"
      }
    },
    "node_modules/@tarp/require": {
      "version": "1.4.3",
      "resolved": "https://registry.npmjs.org/@tarp/require/-/require-1.4.3.tgz",
      "integrity": "sha512-VF6LBtAovzil+58GlDdSXIxSqtkEd/0nd9gr1prlRxuw1x3GpBrMjmo8cY4ANMBYq7AVqj82NAMq4HixwISnYg=="
    }
  },
  "dependencies": {
    "@tarp/require": {
      "version": "1.4.3",
      "resolved": "https://registry.npmjs.org/@tarp/require/-/require-1.4.3.tgz",
      "integrity": "sha512-VF6LBtAovzil+58GlDdSXIxSqtkEd/0nd9gr1prlRxuw1x3GpBrMjmo8cY4ANMBYq7AVqj82NAMq4HixwISnYg=="
    }
  }
}
